
Microsoft Visual Studio Solution File, Format Version 12.00
# Visual Studio Version 17
VisualStudioVersion = 17.12.35521.163 d17.12
MinimumVisualStudioVersion = 10.0.40219.1
Project("{FAE04EC0-301F-11D3-BF4B-00C04F79EFBC}") = "Workload", "Workload\Workload.csproj", "{60B67A6F-4DA1-4A53-8E73-21CCADFDAE32}"
EndProject
Project("{2150E333-8FDC-42A3-9474-1A3956D46DE8}") = "src", "src", "{D2BB4098-196F-4CB8-A1A6-8211F170F234}"
EndProject
Project("{2150E333-8FDC-42A3-9474-1A3956D46DE8}") = "tests", "tests", "{CF43F86D-08C4-4640-BAB8-264A97F395C8}"
	ProjectSection(SolutionItems) = preProject
		TeacherRepositoryTests.cs = TeacherRepositoryTests.cs
		WorkloadRepositoryTests.cs = WorkloadRepositoryTests.cs
	EndProjectSection
EndProject
Global
	GlobalSection(SolutionConfigurationPlatforms) = preSolution
		Debug|Any CPU = Debug|Any CPU
		Release|Any CPU = Release|Any CPU
	EndGlobalSection
	GlobalSection(ProjectConfigurationPlatforms) = postSolution
		{60B67A6F-4DA1-4A53-8E73-21CCADFDAE32}.Debug|Any CPU.ActiveCfg = Debug|Any CPU
		{60B67A6F-4DA1-4A53-8E73-21CCADFDAE32}.Debug|Any CPU.Build.0 = Debug|Any CPU
		{60B67A6F-4DA1-4A53-8E73-21CCADFDAE32}.Release|Any CPU.ActiveCfg = Release|Any CPU
		{60B67A6F-4DA1-4A53-8E73-21CCADFDAE32}.Release|Any CPU.Build.0 = Release|Any CPU
	EndGlobalSection
	GlobalSection(SolutionProperties) = preSolution
		HideSolutionNode = FALSE
	EndGlobalSection
	GlobalSection(NestedProjects) = preSolution
		{60B67A6F-4DA1-4A53-8E73-21CCADFDAE32} = {D2BB4098-196F-4CB8-A1A6-8211F170F234}
		{CF43F86D-08C4-4640-BAB8-264A97F395C8} = {D2BB4098-196F-4CB8-A1A6-8211F170F234}
	EndGlobalSection
EndGlobal
